// !$*UTF8*$!
{
	archiveVersion = 1;
	classes = {
	};
	objectVersion = 46;
	objects = {

/* Begin PBXBuildFile section */
		3920E8351EB7443500C2A80E /* AppDelegate.swift in Sources */ = {isa = PBXBuildFile; fileRef = 3920E8341EB7443500C2A80E /* AppDelegate.swift */; };
		3920E8371EB7443500C2A80E /* ViewController.swift in Sources */ = {isa = PBXBuildFile; fileRef = 3920E8361EB7443500C2A80E /* ViewController.swift */; };
		3920E83A1EB7443500C2A80E /* Main.storyboard in Resources */ = {isa = PBXBuildFile; fileRef = 3920E8381EB7443500C2A80E /* Main.storyboard */; };
		3920E83C1EB7443500C2A80E /* Assets.xcassets in Resources */ = {isa = PBXBuildFile; fileRef = 3920E83B1EB7443500C2A80E /* Assets.xcassets */; };
		3920E83F1EB7443500C2A80E /* LaunchScreen.storyboard in Resources */ = {isa = PBXBuildFile; fileRef = 3920E83D1EB7443500C2A80E /* LaunchScreen.storyboard */; };
		3920E84A1EB7443600C2A80E /* urcalTests.swift in Sources */ = {isa = PBXBuildFile; fileRef = 3920E8491EB7443600C2A80E /* urcalTests.swift */; };
		3920E8551EB7443600C2A80E /* urcalUITests.swift in Sources */ = {isa = PBXBuildFile; fileRef = 3920E8541EB7443600C2A80E /* urcalUITests.swift */; };
/* End PBXBuildFile section */

/* Begin PBXContainerItemProxy section */
		3920E8461EB7443600C2A80E /* PBXContainerItemProxy */ = {
			isa = PBXContainerItemProxy;
			containerPortal = 3920E8291EB7443500C2A80E /* Project object */;
			proxyType = 1;
			remoteGlobalIDString = 3920E8301EB7443500C2A80E;
			remoteInfo = urcal;
		};
		3920E8511EB7443600C2A80E /* PBXContainerItemProxy */ = {
			isa = PBXContainerItemProxy;
			containerPortal = 3920E8291EB7443500C2A80E /* Project object */;
			proxyType = 1;
			remoteGlobalIDString = 3920E8301EB7443500C2A80E;
			remoteInfo = urcal;
		};
/* End PBXContainerItemProxy section */

/* Begin PBXFileReference section */
		3920E8311EB7443500C2A80E /* urcal.app */ = {isa = PBXFileReference; explicitFileType = wrapper.application; includeInIndex = 0; path = urcal.app; sourceTree = BUILT_PRODUCTS_DIR; };
		3920E8341EB7443500C2A80E /* AppDelegate.swift */ = {isa = PBXFileReference; lastKnownFileType = sourcecode.swift; path = AppDelegate.swift; sourceTree = "<group>"; };
		3920E8361EB7443500C2A80E /* ViewController.swift */ = {isa = PBXFileReference; lastKnownFileType = sourcecode.swift; path = ViewController.swift; sourceTree = "<group>"; };
		3920E8391EB7443500C2A80E /* Base */ = {isa = PBXFileReference; lastKnownFileType = file.storyboard; name = Base; path = Base.lproj/Main.storyboard; sourceTree = "<group>"; };
		3920E83B1EB7443500C2A80E /* Assets.xcassets */ = {isa = PBXFileReference; lastKnownFileType = folder.assetcatalog; path = Assets.xcassets; sourceTree = "<group>"; };
		3920E83E1EB7443500C2A80E /* Base */ = {isa = PBXFileReference; lastKnownFileType = file.storyboard; name = Base; path = Base.lproj/LaunchScreen.storyboard; sourceTree = "<group>"; };
		3920E8401EB7443500C2A80E /* Info.plist */ = {isa = PBXFileReference; lastKnownFileType = text.plist.xml; path = Info.plist; sourceTree = "<group>"; };
		3920E8451EB7443600C2A80E /* urcalTests.xctest */ = {isa = PBXFileReference; explicitFileType = wrapper.cfbundle; includeInIndex = 0; path = urcalTests.xctest; sourceTree = BUILT_PRODUCTS_DIR; };
		3920E8491EB7443600C2A80E /* urcalTests.swift */ = {isa = PBXFileReference; lastKnownFileType = sourcecode.swift; path = urcalTests.swift; sourceTree = "<group>"; };
		3920E84B1EB7443600C2A80E /* Info.plist */ = {isa = PBXFileReference; lastKnownFileType = text.plist.xml; path = Info.plist; sourceTree = "<group>"; };
		3920E8501EB7443600C2A80E /* urcalUITests.xctest */ = {isa = PBXFileReference; explicitFileType = wrapper.cfbundle; includeInIndex = 0; path = urcalUITests.xctest; sourceTree = BUILT_PRODUCTS_DIR; };
		3920E8541EB7443600C2A80E /* urcalUITests.swift */ = {isa = PBXFileReference; lastKnownFileType = sourcecode.swift; path = urcalUITests.swift; sourceTree = "<group>"; };
		3920E8561EB7443600C2A80E /* Info.plist */ = {isa = PBXFileReference; lastKnownFileType = text.plist.xml; path = Info.plist; sourceTree = "<group>"; };
/* End PBXFileReference section */

/* Begin PBXFrameworksBuildPhase section */
		3920E82E1EB7443500C2A80E /* Frameworks */ = {
			isa = PBXFrameworksBuildPhase;
			buildActionMask = 2147483647;
			files = (
			);
			runOnlyForDeploymentPostprocessing = 0;
		};
		3920E8421EB7443600C2A80E /* Frameworks */ = {
			isa = PBXFrameworksBuildPhase;
			buildActionMask = 2147483647;
			files = (
			);
			runOnlyForDeploymentPostprocessing = 0;
		};
		3920E84D1EB7443600C2A80E /* Frameworks */ = {
			isa = PBXFrameworksBuildPhase;
			buildActionMask = 2147483647;
			files = (
			);
			runOnlyForDeploymentPostprocessing = 0;
		};
/* End PBXFrameworksBuildPhase section */

/* Begin PBXGroup section */
		3920E8281EB7443500C2A80E = {
			isa = PBXGroup;
			children = (
				3920E8331EB7443500C2A80E /* urcal */,
				3920E8481EB7443600C2A80E /* urcalTests */,
				3920E8531EB7443600C2A80E /* urcalUITests */,
				3920E8321EB7443500C2A80E /* Products */,
			);
			sourceTree = "<group>";
		};
		3920E8321EB7443500C2A80E /* Products */ = {
			isa = PBXGroup;
			children = (
				3920E8311EB7443500C2A80E /* urcal.app */,
				3920E8451EB7443600C2A80E /* urcalTests.xctest */,
				3920E8501EB7443600C2A80E /* urcalUITests.xctest */,
			);
			name = Products;
			sourceTree = "<group>";
		};
		3920E8331EB7443500C2A80E /* urcal */ = {
			isa = PBXGroup;
			children = (
				3920E8341EB7443500C2A80E /* AppDelegate.swift */,
				3920E8361EB7443500C2A80E /* ViewController.swift */,
				3920E8381EB7443500C2A80E /* Main.storyboard */,
				3920E83B1EB7443500C2A80E /* Assets.xcassets */,
				3920E83D1EB7443500C2A80E /* LaunchScreen.storyboard */,
				3920E8401EB7443500C2A80E /* Info.plist */,
			);
			path = urcal;
			sourceTree = "<group>";
		};
		3920E8481EB7443600C2A80E /* urcalTests */ = {
			isa = PBXGroup;
			children = (
				3920E8491EB7443600C2A80E /* urcalTests.swift */,
				3920E84B1EB7443600C2A80E /* Info.plist */,
			);
			path = urcalTests;
			sourceTree = "<group>";
		};
		3920E8531EB7443600C2A80E /* urcalUITests */ = {
			isa = PBXGroup;
			children = (
				3920E8541EB7443600C2A80E /* urcalUITests.swift */,
				3920E8561EB7443600C2A80E /* Info.plist */,
			);
			path = urcalUITests;
			sourceTree = "<group>";
		};
/* End PBXGroup section */

/* Begin PBXNativeTarget section */
		3920E8301EB7443500C2A80E /* urcal */ = {
			isa = PBXNativeTarget;
			buildConfigurationList = 3920E8591EB7443600C2A80E /* Build configuration list for PBXNativeTarget "urcal" */;
			buildPhases = (
				3920E82D1EB7443500C2A80E /* Sources */,
				3920E82E1EB7443500C2A80E /* Frameworks */,
				3920E82F1EB7443500C2A80E /* Resources */,
			);
			buildRules = (
			);
			dependencies = (
			);
			name = urcal;
			productName = urcal;
			productReference = 3920E8311EB7443500C2A80E /* urcal.app */;
			productType = "com.apple.product-type.application";
		};
		3920E8441EB7443600C2A80E /* urcalTests */ = {
			isa = PBXNativeTarget;
			buildConfigurationList = 3920E85C1EB7443600C2A80E /* Build configuration list for PBXNativeTarget "urcalTests" */;
			buildPhases = (
				3920E8411EB7443600C2A80E /* Sources */,
				3920E8421EB7443600C2A80E /* Frameworks */,
				3920E8431EB7443600C2A80E /* Resources */,
			);
			buildRules = (
			);
			dependencies = (
				3920E8471EB7443600C2A80E /* PBXTargetDependency */,
			);
			name = urcalTests;
			productName = urcalTests;
			productReference = 3920E8451EB7443600C2A80E /* urcalTests.xctest */;
			productType = "com.apple.product-type.bundle.unit-test";
		};
		3920E84F1EB7443600C2A80E /* urcalUITests */ = {
			isa = PBXNativeTarget;
			buildConfigurationList = 3920E85F1EB7443600C2A80E /* Build configuration list for PBXNativeTarget "urcalUITests" */;
			buildPhases = (
				3920E84C1EB7443600C2A80E /* Sources */,
				3920E84D1EB7443600C2A80E /* Frameworks */,
				3920E84E1EB7443600C2A80E /* Resources */,
			);
			buildRules = (
			);
			dependencies = (
				3920E8521EB7443600C2A80E /* PBXTargetDependency */,
			);
			name = urcalUITests;
			productName = urcalUITests;
			productReference = 3920E8501EB7443600C2A80E /* urcalUITests.xctest */;
			productType = "com.apple.product-type.bundle.ui-testing";
		};
/* End PBXNativeTarget section */

/* Begin PBXProject section */
		3920E8291EB7443500C2A80E /* Project object */ = {
			isa = PBXProject;
			attributes = {
				LastSwiftUpdateCheck = 0820;
				LastUpgradeCheck = 0820;
				ORGANIZATIONNAME = "Kilian Hiestermann";
				TargetAttributes = {
					3920E8301EB7443500C2A80E = {
						CreatedOnToolsVersion = 8.2;
						ProvisioningStyle = Automatic;
					};
					3920E8441EB7443600C2A80E = {
						CreatedOnToolsVersion = 8.2;
						ProvisioningStyle = Automatic;
						TestTargetID = 3920E8301EB7443500C2A80E;
					};
					3920E84F1EB7443600C2A80E = {
						CreatedOnToolsVersion = 8.2;
						ProvisioningStyle = Automatic;
						TestTargetID = 3920E8301EB7443500C2A80E;
					};
				};
			};
			buildConfigurationList = 3920E82C1EB7443500C2A80E /* Build configuration list for PBXProject "urcal" */;
			compatibilityVersion = "Xcode 3.2";
			developmentRegion = English;
			hasScannedForEncodings = 0;
			knownRegions = (
				en,
				Base,
			);
			mainGroup = 3920E8281EB7443500C2A80E;
			productRefGroup = 3920E8321EB7443500C2A80E /* Products */;
			projectDirPath = "";
			projectRoot = "";
			targets = (
				3920E8301EB7443500C2A80E /* urcal */,
				3920E8441EB7443600C2A80E /* urcalTests */,
				3920E84F1EB7443600C2A80E /* urcalUITests */,
			);
		};
/* End PBXProject section */

/* Begin PBXResourcesBuildPhase section */
		3920E82F1EB7443500C2A80E /* Resources */ = {
			isa = PBXResourcesBuildPhase;
			buildActionMask = 2147483647;
			files = (
				3920E83F1EB7443500C2A80E /* LaunchScreen.storyboard in Resources */,
				3920E83C1EB7443500C2A80E /* Assets.xcassets in Resources */,
				3920E83A1EB7443500C2A80E /* Main.storyboard in Resources */,
			);
			runOnlyForDeploymentPostprocessing = 0;
		};
		3920E8431EB7443600C2A80E /* Resources */ = {
			isa = PBXResourcesBuildPhase;
			buildActionMask = 2147483647;
			files = (
			);
			runOnlyForDeploymentPostprocessing = 0;
		};
		3920E84E1EB7443600C2A80E /* Resources */ = {
			isa = PBXResourcesBuildPhase;
			buildActionMask = 2147483647;
			files = (
			);
			runOnlyForDeploymentPostprocessing = 0;
		};
/* End PBXResourcesBuildPhase section */

/* Begin PBXSourcesBuildPhase section */
		3920E82D1EB7443500C2A80E /* Sources */ = {
			isa = PBXSourcesBuildPhase;
			buildActionMask = 2147483647;
			files = (
				3920E8371EB7443500C2A80E /* ViewController.swift in Sources */,
				3920E8351EB7443500C2A80E /* AppDelegate.swift in Sources */,
			);
			runOnlyForDeploymentPostprocessing = 0;
		};
		3920E8411EB7443600C2A80E /* Sources */ = {
			isa = PBXSourcesBuildPhase;
			buildActionMask = 2147483647;
			files = (
				3920E84A1EB7443600C2A80E /* urcalTests.swift in Sources */,
			);
			runOnlyForDeploymentPostprocessing = 0;
		};
		3920E84C1EB7443600C2A80E /* Sources */ = {
			isa = PBXSourcesBuildPhase;
			buildActionMask = 2147483647;
			files = (
				3920E8551EB7443600C2A80E /* urcalUITests.swift in Sources */,
			);
			runOnlyForDeploymentPostprocessing = 0;
		};
/* End PBXSourcesBuildPhase section */

/* Begin PBXTargetDependency section */
		3920E8471EB7443600C2A80E /* PBXTargetDependency */ = {
			isa = PBXTargetDependency;
			target = 3920E8301EB7443500C2A80E /* urcal */;
			targetProxy = 3920E8461EB7443600C2A80E /* PBXContainerItemProxy */;
		};
		3920E8521EB7443600C2A80E /* PBXTargetDependency */ = {
			isa = PBXTargetDependency;
			target = 3920E8301EB7443500C2A80E /* urcal */;
			targetProxy = 3920E8511EB7443600C2A80E /* PBXContainerItemProxy */;
		};
/* End PBXTargetDependency section */

/* Begin PBXVariantGroup section */
		3920E8381EB7443500C2A80E /* Main.storyboard */ = {
			isa = PBXVariantGroup;
			children = (
				3920E8391EB7443500C2A80E /* Base */,
			);
			name = Main.storyboard;
			sourceTree = "<group>";
		};
		3920E83D1EB7443500C2A80E /* LaunchScreen.storyboard */ = {
			isa = PBXVariantGroup;
			children = (
				3920E83E1EB7443500C2A80E /* Base */,
			);
			name = LaunchScreen.storyboard;
			sourceTree = "<group>";
		};
/* End PBXVariantGroup section */

/* Begin XCBuildConfiguration section */
		3920E8571EB7443600C2A80E /* Debug */ = {
			isa = XCBuildConfiguration;
			buildSettings = {
				ALWAYS_SEARCH_USER_PATHS = NO;
				CLANG_ANALYZER_NONNULL = YES;
				CLANG_CXX_LANGUAGE_STANDARD = "gnu++0x";
				CLANG_CXX_LIBRARY = "libc++";
				CLANG_ENABLE_MODULES = YES;
				CLANG_ENABLE_OBJC_ARC = YES;
				CLANG_WARN_BOOL_CONVERSION = YES;
				CLANG_WARN_CONSTANT_CONVERSION = YES;
				CLANG_WARN_DIRECT_OBJC_ISA_USAGE = YES_ERROR;
				CLANG_WARN_DOCUMENTATION_COMMENTS = YES;
				CLANG_WARN_EMPTY_BODY = YES;
				CLANG_WARN_ENUM_CONVERSION = YES;
				CLANG_WARN_INFINITE_RECURSION = YES;
				CLANG_WARN_INT_CONVERSION = YES;
				CLANG_WARN_OBJC_ROOT_CLASS = YES_ERROR;
				CLANG_WARN_SUSPICIOUS_MOVE = YES;
				CLANG_WARN_UNREACHABLE_CODE = YES;
				CLANG_WARN__DUPLICATE_METHOD_MATCH = YES;
				"CODE_SIGN_IDENTITY[sdk=iphoneos*]" = "iPhone Developer";
				COPY_PHASE_STRIP = NO;
				DEBUG_INFORMATION_FORMAT = dwarf;
				ENABLE_STRICT_OBJC_MSGSEND = YES;
				ENABLE_TESTABILITY = YES;
				GCC_C_LANGUAGE_STANDARD = gnu99;
				GCC_DYNAMIC_NO_PIC = NO;
				GCC_NO_COMMON_BLOCKS = YES;
				GCC_OPTIMIZATION_LEVEL = 0;
				GCC_PREPROCESSOR_DEFINITIONS = (
					"DEBUG=1",
					"$(inherited)",
				);
				GCC_WARN_64_TO_32_BIT_CONVERSION = YES;
				GCC_WARN_ABOUT_RETURN_TYPE = YES_ERROR;
				GCC_WARN_UNDECLARED_SELECTOR = YES;
				GCC_WARN_UNINITIALIZED_AUTOS = YES_AGGRESSIVE;
				GCC_WARN_UNUSED_FUNCTION = YES;
				GCC_WARN_UNUSED_VARIABLE = YES;
				IPHONEOS_DEPLOYMENT_TARGET = 10.2;
				MTL_ENABLE_DEBUG_INFO = YES;
				ONLY_ACTIVE_ARCH = YES;
				SDKROOT = iphoneos;
				SWIFT_ACTIVE_COMPILATION_CONDITIONS = DEBUG;
				SWIFT_OPTIMIZATION_LEVEL = "-Onone";
			};
			name = Debug;
		};
		3920E8581EB7443600C2A80E /* Release */ = {
			isa = XCBuildConfiguration;
			buildSettings = {
				ALWAYS_SEARCH_USER_PATHS = NO;
				CLANG_ANALYZER_NONNULL = YES;
				CLANG_CXX_LANGUAGE_STANDARD = "gnu++0x";
				CLANG_CXX_LIBRARY = "libc++";
				CLANG_ENABLE_MODULES = YES;
				CLANG_ENABLE_OBJC_ARC = YES;
				CLANG_WARN_BOOL_CONVERSION = YES;
				CLANG_WARN_CONSTANT_CONVERSION = YES;
				CLANG_WARN_DIRECT_OBJC_ISA_USAGE = YES_ERROR;
				CLANG_WARN_DOCUMENTATION_COMMENTS = YES;
				CLANG_WARN_EMPTY_BODY = YES;
				CLANG_WARN_ENUM_CONVERSION = YES;
				CLANG_WARN_INFINITE_RECURSION = YES;
				CLANG_WARN_INT_CONVERSION = YES;
				CLANG_WARN_OBJC_ROOT_CLASS = YES_ERROR;
				CLANG_WARN_SUSPICIOUS_MOVE = YES;
				CLANG_WARN_UNREACHABLE_CODE = YES;
				CLANG_WARN__DUPLICATE_METHOD_MATCH = YES;
				"CODE_SIGN_IDENTITY[sdk=iphoneos*]" = "iPhone Developer";
				COPY_PHASE_STRIP = NO;
				DEBUG_INFORMATION_FORMAT = "dwarf-with-dsym";
				ENABLE_NS_ASSERTIONS = NO;
				ENABLE_STRICT_OBJC_MSGSEND = YES;
				GCC_C_LANGUAGE_STANDARD = gnu99;
				GCC_NO_COMMON_BLOCKS = YES;
				GCC_WARN_64_TO_32_BIT_CONVERSION = YES;
				GCC_WARN_ABOUT_RETURN_TYPE = YES_ERROR;
				GCC_WARN_UNDECLARED_SELECTOR = YES;
				GCC_WARN_UNINITIALIZED_AUTOS = YES_AGGRESSIVE;
				GCC_WARN_UNUSED_FUNCTION = YES;
				GCC_WARN_UNUSED_VARIABLE = YES;
				IPHONEOS_DEPLOYMENT_TARGET = 10.2;
				MTL_ENABLE_DEBUG_INFO = NO;
				SDKROOT = iphoneos;
				SWIFT_OPTIMIZATION_LEVEL = "-Owholemodule";
				VALIDATE_PRODUCT = YES;
			};
			name = Release;
		};
		3920E85A1EB7443600C2A80E /* Debug */ = {
			isa = XCBuildConfiguration;
			buildSettings = {
				ASSETCATALOG_COMPILER_APPICON_NAME = AppIcon;
				INFOPLIST_FILE = urcal/Info.plist;
				LD_RUNPATH_SEARCH_PATHS = "$(inherited) @executable_path/Frameworks";
				PRODUCT_BUNDLE_IDENTIFIER = Predbite.urcal;
				PRODUCT_NAME = "$(TARGET_NAME)";
				SWIFT_VERSION = 3.0;
			};
			name = Debug;
		};
		3920E85B1EB7443600C2A80E /* Release */ = {
			isa = XCBuildConfiguration;
			buildSettings = {
				ASSETCATALOG_COMPILER_APPICON_NAME = AppIcon;
				INFOPLIST_FILE = urcal/Info.plist;
				LD_RUNPATH_SEARCH_PATHS = "$(inherited) @executable_path/Frameworks";
				PRODUCT_BUNDLE_IDENTIFIER = Predbite.urcal;
				PRODUCT_NAME = "$(TARGET_NAME)";
				SWIFT_VERSION = 3.0;
			};
			name = Release;
		};
		3920E85D1EB7443600C2A80E /* Debug */ = {
			isa = XCBuildConfiguration;
			buildSettings = {
				ALWAYS_EMBED_SWIFT_STANDARD_LIBRARIES = YES;
				BUNDLE_LOADER = "$(TEST_HOST)";
				INFOPLIST_FILE = urcalTests/Info.plist;
				LD_RUNPATH_SEARCH_PATHS = "$(inherited) @executable_path/Frameworks @loader_path/Frameworks";
				PRODUCT_BUNDLE_IDENTIFIER = Predbite.urcalTests;
				PRODUCT_NAME = "$(TARGET_NAME)";
				SWIFT_VERSION = 3.0;
				TEST_HOST = "$(BUILT_PRODUCTS_DIR)/urcal.app/urcal";
			};
			name = Debug;
		};
		3920E85E1EB7443600C2A80E /* Release */ = {
			isa = XCBuildConfiguration;
			buildSettings = {
				ALWAYS_EMBED_SWIFT_STANDARD_LIBRARIES = YES;
				BUNDLE_LOADER = "$(TEST_HOST)";
				INFOPLIST_FILE = urcalTests/Info.plist;
				LD_RUNPATH_SEARCH_PATHS = "$(inherited) @executable_path/Frameworks @loader_path/Frameworks";
				PRODUCT_BUNDLE_IDENTIFIER = Predbite.urcalTests;
				PRODUCT_NAME = "$(TARGET_NAME)";
				SWIFT_VERSION = 3.0;
				TEST_HOST = "$(BUILT_PRODUCTS_DIR)/urcal.app/urcal";
			};
			name = Release;
		};
		3920E8601EB7443600C2A80E /* Debug */ = {
			isa = XCBuildConfiguration;
			buildSettings = {
				ALWAYS_EMBED_SWIFT_STANDARD_LIBRARIES = YES;
				INFOPLIST_FILE = urcalUITests/Info.plist;
				LD_RUNPATH_SEARCH_PATHS = "$(inherited) @executable_path/Frameworks @loader_path/Frameworks";
				PRODUCT_BUNDLE_IDENTIFIER = Predbite.urcalUITests;
				PRODUCT_NAME = "$(TARGET_NAME)";
				SWIFT_VERSION = 3.0;
				TEST_TARGET_NAME = urcal;
			};
			name = Debug;
		};
		3920E8611EB7443600C2A80E /* Release */ = {
			isa = XCBuildConfiguration;
			buildSettings = {
				ALWAYS_EMBED_SWIFT_STANDARD_LIBRARIES = YES;
				INFOPLIST_FILE = urcalUITests/Info.plist;
				LD_RUNPATH_SEARCH_PATHS = "$(inherited) @executable_path/Frameworks @loader_path/Frameworks";
				PRODUCT_BUNDLE_IDENTIFIER = Predbite.urcalUITests;
				PRODUCT_NAME = "$(TARGET_NAME)";
				SWIFT_VERSION = 3.0;
				TEST_TARGET_NAME = urcal;
			};
			name = Release;
		};
/* End XCBuildConfiguration section */

/* Begin XCConfigurationList section */
		3920E82C1EB7443500C2A80E /* Build configuration list for PBXProject "urcal" */ = {
			isa = XCConfigurationList;
			buildConfigurations = (
				3920E8571EB7443600C2A80E /* Debug */,
				3920E8581EB7443600C2A80E /* Release */,
			);
			defaultConfigurationIsVisible = 0;
			defaultConfigurationName = Release;
		};
		3920E8591EB7443600C2A80E /* Build configuration list for PBXNativeTarget "urcal" */ = {
			isa = XCConfigurationList;
			buildConfigurations = (
				3920E85A1EB7443600C2A80E /* Debug */,
				3920E85B1EB7443600C2A80E /* Release */,
			);
			defaultConfigurationIsVisible = 0;
		};
		3920E85C1EB7443600C2A80E /* Build configuration list for PBXNativeTarget "urcalTests" */ = {
			isa = XCConfigurationList;
			buildConfigurations = (
				3920E85D1EB7443600C2A80E /* Debug */,
				3920E85E1EB7443600C2A80E /* Release */,
			);
			defaultConfigurationIsVisible = 0;
		};
		3920E85F1EB7443600C2A80E /* Build configuration list for PBXNativeTarget "urcalUITests" */ = {
			isa = XCConfigurationList;
			buildConfigurations = (
				3920E8601EB7443600C2A80E /* Debug */,
				3920E8611EB7443600C2A80E /* Release */,
			);
			defaultConfigurationIsVisible = 0;
		};
/* End XCConfigurationList section */
	};
	rootObject = 3920E8291EB7443500C2A80E /* Project object */;
}
